// !$*UTF8*$!
{
	archiveVersion = 1;
	classes = {
	};
	objectVersion = 56;
	objects = {

/* Begin PBXBuildFile section */
		FA296C482CF9EEB0007488EA /* APIEndpoints.swift in Sources */ = {isa = PBXBuildFile; fileRef = FA296C472CF9EEB0007488EA /* APIEndpoints.swift */; };
		FA71EE4E2CF8B96F00676CA5 /* NetworkManager.swift in Sources */ = {isa = PBXBuildFile; fileRef = FA71EE4D2CF8B96D00676CA5 /* NetworkManager.swift */; };
		FAB8F9472C8A1D7C00ABCD26 /* AppDelegate.swift in Sources */ = {isa = PBXBuildFile; fileRef = FAB8F9462C8A1D7C00ABCD26 /* AppDelegate.swift */; };
		FAB8F9492C8A1D7C00ABCD26 /* SceneDelegate.swift in Sources */ = {isa = PBXBuildFile; fileRef = FAB8F9482C8A1D7C00ABCD26 /* SceneDelegate.swift */; };
		FAB8F94B2C8A1D7C00ABCD26 /* MainViewController.swift in Sources */ = {isa = PBXBuildFile; fileRef = FAB8F94A2C8A1D7C00ABCD26 /* MainViewController.swift */; };
		FAB8F94E2C8A1D7C00ABCD26 /* Base in Resources */ = {isa = PBXBuildFile; fileRef = FAB8F94D2C8A1D7C00ABCD26 /* Base */; };
		FAB8F9502C8A1D7D00ABCD26 /* Assets.xcassets in Resources */ = {isa = PBXBuildFile; fileRef = FAB8F94F2C8A1D7D00ABCD26 /* Assets.xcassets */; };
		FAB8F9532C8A1D7D00ABCD26 /* Base in Resources */ = {isa = PBXBuildFile; fileRef = FAB8F9522C8A1D7D00ABCD26 /* Base */; };
		FAB8F95C2C8A1D9500ABCD26 /* Paintings.swift in Sources */ = {isa = PBXBuildFile; fileRef = FAB8F95B2C8A1D9500ABCD26 /* Paintings.swift */; };
/* End PBXBuildFile section */

/* Begin PBXFileReference section */
		FA296C472CF9EEB0007488EA /* APIEndpoints.swift */ = {isa = PBXFileReference; lastKnownFileType = sourcecode.swift; path = APIEndpoints.swift; sourceTree = "<group>"; };
		FA71EE4D2CF8B96D00676CA5 /* NetworkManager.swift */ = {isa = PBXFileReference; lastKnownFileType = sourcecode.swift; path = NetworkManager.swift; sourceTree = "<group>"; };
		FAB8F9432C8A1D7C00ABCD26 /* MetMuseumApi.app */ = {isa = PBXFileReference; explicitFileType = wrapper.application; includeInIndex = 0; path = MetMuseumApi.app; sourceTree = BUILT_PRODUCTS_DIR; };
		FAB8F9462C8A1D7C00ABCD26 /* AppDelegate.swift */ = {isa = PBXFileReference; lastKnownFileType = sourcecode.swift; path = AppDelegate.swift; sourceTree = "<group>"; };
		FAB8F9482C8A1D7C00ABCD26 /* SceneDelegate.swift */ = {isa = PBXFileReference; lastKnownFileType = sourcecode.swift; path = SceneDelegate.swift; sourceTree = "<group>"; };
		FAB8F94A2C8A1D7C00ABCD26 /* MainViewController.swift */ = {isa = PBXFileReference; lastKnownFileType = sourcecode.swift; path = MainViewController.swift; sourceTree = "<group>"; };
		FAB8F94D2C8A1D7C00ABCD26 /* Base */ = {isa = PBXFileReference; lastKnownFileType = file.storyboard; name = Base; path = Base.lproj/Main.storyboard; sourceTree = "<group>"; };
		FAB8F94F2C8A1D7D00ABCD26 /* Assets.xcassets */ = {isa = PBXFileReference; lastKnownFileType = folder.assetcatalog; path = Assets.xcassets; sourceTree = "<group>"; };
		FAB8F9522C8A1D7D00ABCD26 /* Base */ = {isa = PBXFileReference; lastKnownFileType = file.storyboard; name = Base; path = Base.lproj/LaunchScreen.storyboard; sourceTree = "<group>"; };
		FAB8F9542C8A1D7D00ABCD26 /* Info.plist */ = {isa = PBXFileReference; lastKnownFileType = text.plist.xml; path = Info.plist; sourceTree = "<group>"; };
		FAB8F95B2C8A1D9500ABCD26 /* Paintings.swift */ = {isa = PBXFileReference; lastKnownFileType = sourcecode.swift; path = Paintings.swift; sourceTree = "<group>"; };
/* End PBXFileReference section */

/* Begin PBXFrameworksBuildPhase section */
		FAB8F9402C8A1D7C00ABCD26 /* Frameworks */ = {
			isa = PBXFrameworksBuildPhase;
			buildActionMask = 2147483647;
			files = (
			);
			runOnlyForDeploymentPostprocessing = 0;
		};
/* End PBXFrameworksBuildPhase section */

/* Begin PBXGroup section */
		FA71EE4F2CF8B97D00676CA5 /* Services */ = {
			isa = PBXGroup;
			children = (
				FA296C472CF9EEB0007488EA /* APIEndpoints.swift */,
				FA71EE4D2CF8B96D00676CA5 /* NetworkManager.swift */,
			);
			path = Services;
			sourceTree = "<group>";
		};
		FAB8F93A2C8A1D7C00ABCD26 = {
			isa = PBXGroup;
			children = (
				FAB8F9452C8A1D7C00ABCD26 /* MetMuseumApi */,
				FAB8F9442C8A1D7C00ABCD26 /* Products */,
			);
			sourceTree = "<group>";
		};
		FAB8F9442C8A1D7C00ABCD26 /* Products */ = {
			isa = PBXGroup;
			children = (
				FAB8F9432C8A1D7C00ABCD26 /* MetMuseumApi.app */,
			);
			name = Products;
			sourceTree = "<group>";
		};
		FAB8F9452C8A1D7C00ABCD26 /* MetMuseumApi */ = {
			isa = PBXGroup;
			children = (
				FA71EE4F2CF8B97D00676CA5 /* Services */,
				FAB8F95D2C8A1D9900ABCD26 /* Models */,
				FAB8F95A2C8A1D8700ABCD26 /* App */,
				FAB8F95F2C8A222100ABCD26 /* ViewControllers */,
				FAB8F95E2C8A221900ABCD26 /* Storyboards */,
				FAB8F94F2C8A1D7D00ABCD26 /* Assets.xcassets */,
			);
			path = MetMuseumApi;
			sourceTree = "<group>";
		};
		FAB8F95A2C8A1D8700ABCD26 /* App */ = {
			isa = PBXGroup;
			children = (
				FAB8F9462C8A1D7C00ABCD26 /* AppDelegate.swift */,
				FAB8F9482C8A1D7C00ABCD26 /* SceneDelegate.swift */,
				FAB8F9542C8A1D7D00ABCD26 /* Info.plist */,
			);
			path = App;
			sourceTree = "<group>";
		};
		FAB8F95D2C8A1D9900ABCD26 /* Models */ = {
			isa = PBXGroup;
			children = (
				FAB8F95B2C8A1D9500ABCD26 /* Paintings.swift */,
			);
			path = Models;
			sourceTree = "<group>";
		};
		FAB8F95E2C8A221900ABCD26 /* Storyboards */ = {
			isa = PBXGroup;
			children = (
				FAB8F94C2C8A1D7C00ABCD26 /* Main.storyboard */,
				FAB8F9512C8A1D7D00ABCD26 /* LaunchScreen.storyboard */,
			);
			path = Storyboards;
			sourceTree = "<group>";
		};
		FAB8F95F2C8A222100ABCD26 /* ViewControllers */ = {
			isa = PBXGroup;
			children = (
				FAB8F94A2C8A1D7C00ABCD26 /* MainViewController.swift */,
			);
			path = ViewControllers;
			sourceTree = "<group>";
		};
/* End PBXGroup section */

/* Begin PBXNativeTarget section */
		FAB8F9422C8A1D7C00ABCD26 /* MetMuseumApi */ = {
			isa = PBXNativeTarget;
			buildConfigurationList = FAB8F9572C8A1D7D00ABCD26 /* Build configuration list for PBXNativeTarget "MetMuseumApi" */;
			buildPhases = (
				FAB8F93F2C8A1D7C00ABCD26 /* Sources */,
				FAB8F9402C8A1D7C00ABCD26 /* Frameworks */,
				FAB8F9412C8A1D7C00ABCD26 /* Resources */,
			);
			buildRules = (
			);
			dependencies = (
			);
			name = MetMuseumApi;
			productName = NetworkingLesson;
			productReference = FAB8F9432C8A1D7C00ABCD26 /* MetMuseumApi.app */;
			productType = "com.apple.product-type.application";
		};
/* End PBXNativeTarget section */

/* Begin PBXProject section */
		FAB8F93B2C8A1D7C00ABCD26 /* Project object */ = {
			isa = PBXProject;
			attributes = {
				BuildIndependentTargetsInParallel = 1;
				LastSwiftUpdateCheck = 1540;
				LastUpgradeCheck = 1540;
				TargetAttributes = {
					FAB8F9422C8A1D7C00ABCD26 = {
						CreatedOnToolsVersion = 15.4;
					};
				};
			};
			buildConfigurationList = FAB8F93E2C8A1D7C00ABCD26 /* Build configuration list for PBXProject "MetMuseumApi" */;
			compatibilityVersion = "Xcode 14.0";
			developmentRegion = en;
			hasScannedForEncodings = 0;
			knownRegions = (
				en,
				Base,
			);
			mainGroup = FAB8F93A2C8A1D7C00ABCD26;
			productRefGroup = FAB8F9442C8A1D7C00ABCD26 /* Products */;
			projectDirPath = "";
			projectRoot = "";
			targets = (
				FAB8F9422C8A1D7C00ABCD26 /* MetMuseumApi */,
			);
		};
/* End PBXProject section */

/* Begin PBXResourcesBuildPhase section */
		FAB8F9412C8A1D7C00ABCD26 /* Resources */ = {
			isa = PBXResourcesBuildPhase;
			buildActionMask = 2147483647;
			files = (
				FAB8F9502C8A1D7D00ABCD26 /* Assets.xcassets in Resources */,
				FAB8F9532C8A1D7D00ABCD26 /* Base in Resources */,
				FAB8F94E2C8A1D7C00ABCD26 /* Base in Resources */,
			);
			runOnlyForDeploymentPostprocessing = 0;
		};
/* End PBXResourcesBuildPhase section */

/* Begin PBXSourcesBuildPhase section */
		FAB8F93F2C8A1D7C00ABCD26 /* Sources */ = {
			isa = PBXSourcesBuildPhase;
			buildActionMask = 2147483647;
			files = (
				FAB8F95C2C8A1D9500ABCD26 /* Paintings.swift in Sources */,
				FA296C482CF9EEB0007488EA /* APIEndpoints.swift in Sources */,
				FA71EE4E2CF8B96F00676CA5 /* NetworkManager.swift in Sources */,
				FAB8F94B2C8A1D7C00ABCD26 /* MainViewController.swift in Sources */,
				FAB8F9472C8A1D7C00ABCD26 /* AppDelegate.swift in Sources */,
				FAB8F9492C8A1D7C00ABCD26 /* SceneDelegate.swift in Sources */,
			);
			runOnlyForDeploymentPostprocessing = 0;
		};
/* End PBXSourcesBuildPhase section */

/* Begin PBXVariantGroup section */
		FAB8F94C2C8A1D7C00ABCD26 /* Main.storyboard */ = {
			isa = PBXVariantGroup;
			children = (
				FAB8F94D2C8A1D7C00ABCD26 /* Base */,
			);
			name = Main.storyboard;
			sourceTree = "<group>";
		};
		FAB8F9512C8A1D7D00ABCD26 /* LaunchScreen.storyboard */ = {
			isa = PBXVariantGroup;
			children = (
				FAB8F9522C8A1D7D00ABCD26 /* Base */,
			);
			name = LaunchScreen.storyboard;
			sourceTree = "<group>";
		};
/* End PBXVariantGroup section */

/* Begin XCBuildConfiguration section */
		FAB8F9552C8A1D7D00ABCD26 /* Debug */ = {
			isa = XCBuildConfiguration;
			buildSettings = {
				ALWAYS_SEARCH_USER_PATHS = NO;
				ASSETCATALOG_COMPILER_GENERATE_SWIFT_ASSET_SYMBOL_EXTENSIONS = YES;
				CLANG_ANALYZER_NONNULL = YES;
				CLANG_ANALYZER_NUMBER_OBJECT_CONVERSION = YES_AGGRESSIVE;
				CLANG_CXX_LANGUAGE_STANDARD = "gnu++20";
				CLANG_ENABLE_MODULES = YES;
				CLANG_ENABLE_OBJC_ARC = YES;
				CLANG_ENABLE_OBJC_WEAK = YES;
				CLANG_WARN_BLOCK_CAPTURE_AUTORELEASING = YES;
				CLANG_WARN_BOOL_CONVERSION = YES;
				CLANG_WARN_COMMA = YES;
				CLANG_WARN_CONSTANT_CONVERSION = YES;
				CLANG_WARN_DEPRECATED_OBJC_IMPLEMENTATIONS = YES;
				CLANG_WARN_DIRECT_OBJC_ISA_USAGE = YES_ERROR;
				CLANG_WARN_DOCUMENTATION_COMMENTS = YES;
				CLANG_WARN_EMPTY_BODY = YES;
				CLANG_WARN_ENUM_CONVERSION = YES;
				CLANG_WARN_INFINITE_RECURSION = YES;
				CLANG_WARN_INT_CONVERSION = YES;
				CLANG_WARN_NON_LITERAL_NULL_CONVERSION = YES;
				CLANG_WARN_OBJC_IMPLICIT_RETAIN_SELF = YES;
				CLANG_WARN_OBJC_LITERAL_CONVERSION = YES;
				CLANG_WARN_OBJC_ROOT_CLASS = YES_ERROR;
				CLANG_WARN_QUOTED_INCLUDE_IN_FRAMEWORK_HEADER = YES;
				CLANG_WARN_RANGE_LOOP_ANALYSIS = YES;
				CLANG_WARN_STRICT_PROTOTYPES = YES;
				CLANG_WARN_SUSPICIOUS_MOVE = YES;
				CLANG_WARN_UNGUARDED_AVAILABILITY = YES_AGGRESSIVE;
				CLANG_WARN_UNREACHABLE_CODE = YES;
				CLANG_WARN__DUPLICATE_METHOD_MATCH = YES;
				COPY_PHASE_STRIP = NO;
				DEBUG_INFORMATION_FORMAT = dwarf;
				ENABLE_STRICT_OBJC_MSGSEND = YES;
				ENABLE_TESTABILITY = YES;
				ENABLE_USER_SCRIPT_SANDBOXING = YES;
				GCC_C_LANGUAGE_STANDARD = gnu17;
				GCC_DYNAMIC_NO_PIC = NO;
				GCC_NO_COMMON_BLOCKS = YES;
				GCC_OPTIMIZATION_LEVEL = 0;
				GCC_PREPROCESSOR_DEFINITIONS = (
					"DEBUG=1",
					"$(inherited)",
				);
				GCC_WARN_64_TO_32_BIT_CONVERSION = YES;
				GCC_WARN_ABOUT_RETURN_TYPE = YES_ERROR;
				GCC_WARN_UNDECLARED_SELECTOR = YES;
				GCC_WARN_UNINITIALIZED_AUTOS = YES_AGGRESSIVE;
				GCC_WARN_UNUSED_FUNCTION = YES;
				GCC_WARN_UNUSED_VARIABLE = YES;
				IPHONEOS_DEPLOYMENT_TARGET = 17.5;
				LOCALIZATION_PREFERS_STRING_CATALOGS = YES;
				MTL_ENABLE_DEBUG_INFO = INCLUDE_SOURCE;
				MTL_FAST_MATH = YES;
				ONLY_ACTIVE_ARCH = YES;
				SDKROOT = iphoneos;
				SWIFT_ACTIVE_COMPILATION_CONDITIONS = "DEBUG $(inherited)";
				SWIFT_OPTIMIZATION_LEVEL = "-Onone";
			};
			name = Debug;
		};
		FAB8F9562C8A1D7D00ABCD26 /* Release */ = {
			isa = XCBuildConfiguration;
			buildSettings = {
				ALWAYS_SEARCH_USER_PATHS = NO;
				ASSETCATALOG_COMPILER_GENERATE_SWIFT_ASSET_SYMBOL_EXTENSIONS = YES;
				CLANG_ANALYZER_NONNULL = YES;
				CLANG_ANALYZER_NUMBER_OBJECT_CONVERSION = YES_AGGRESSIVE;
				CLANG_CXX_LANGUAGE_STANDARD = "gnu++20";
				CLANG_ENABLE_MODULES = YES;
				CLANG_ENABLE_OBJC_ARC = YES;
				CLANG_ENABLE_OBJC_WEAK = YES;
				CLANG_WARN_BLOCK_CAPTURE_AUTORELEASING = YES;
				CLANG_WARN_BOOL_CONVERSION = YES;
				CLANG_WARN_COMMA = YES;
				CLANG_WARN_CONSTANT_CONVERSION = YES;
				CLANG_WARN_DEPRECATED_OBJC_IMPLEMENTATIONS = YES;
				CLANG_WARN_DIRECT_OBJC_ISA_USAGE = YES_ERROR;
				CLANG_WARN_DOCUMENTATION_COMMENTS = YES;
				CLANG_WARN_EMPTY_BODY = YES;
				CLANG_WARN_ENUM_CONVERSION = YES;
				CLANG_WARN_INFINITE_RECURSION = YES;
				CLANG_WARN_INT_CONVERSION = YES;
				CLANG_WARN_NON_LITERAL_NULL_CONVERSION = YES;
				CLANG_WARN_OBJC_IMPLICIT_RETAIN_SELF = YES;
				CLANG_WARN_OBJC_LITERAL_CONVERSION = YES;
				CLANG_WARN_OBJC_ROOT_CLASS = YES_ERROR;
				CLANG_WARN_QUOTED_INCLUDE_IN_FRAMEWORK_HEADER = YES;
				CLANG_WARN_RANGE_LOOP_ANALYSIS = YES;
				CLANG_WARN_STRICT_PROTOTYPES = YES;
				CLANG_WARN_SUSPICIOUS_MOVE = YES;
				CLANG_WARN_UNGUARDED_AVAILABILITY = YES_AGGRESSIVE;
				CLANG_WARN_UNREACHABLE_CODE = YES;
				CLANG_WARN__DUPLICATE_METHOD_MATCH = YES;
				COPY_PHASE_STRIP = NO;
				DEBUG_INFORMATION_FORMAT = "dwarf-with-dsym";
				ENABLE_NS_ASSERTIONS = NO;
				ENABLE_STRICT_OBJC_MSGSEND = YES;
				ENABLE_USER_SCRIPT_SANDBOXING = YES;
				GCC_C_LANGUAGE_STANDARD = gnu17;
				GCC_NO_COMMON_BLOCKS = YES;
				GCC_WARN_64_TO_32_BIT_CONVERSION = YES;
				GCC_WARN_ABOUT_RETURN_TYPE = YES_ERROR;
				GCC_WARN_UNDECLARED_SELECTOR = YES;
				GCC_WARN_UNINITIALIZED_AUTOS = YES_AGGRESSIVE;
				GCC_WARN_UNUSED_FUNCTION = YES;
				GCC_WARN_UNUSED_VARIABLE = YES;
				IPHONEOS_DEPLOYMENT_TARGET = 17.5;
				LOCALIZATION_PREFERS_STRING_CATALOGS = YES;
				MTL_ENABLE_DEBUG_INFO = NO;
				MTL_FAST_MATH = YES;
				SDKROOT = iphoneos;
				SWIFT_COMPILATION_MODE = wholemodule;
				VALIDATE_PRODUCT = YES;
			};
			name = Release;
		};
		FAB8F9582C8A1D7D00ABCD26 /* Debug */ = {
			isa = XCBuildConfiguration;
			buildSettings = {
				ASSETCATALOG_COMPILER_APPICON_NAME = AppIcon;
				ASSETCATALOG_COMPILER_GLOBAL_ACCENT_COLOR_NAME = AccentColor;
				CODE_SIGN_STYLE = Automatic;
				CURRENT_PROJECT_VERSION = 1;
				DEVELOPMENT_TEAM = 8JL9UA833T;
				GENERATE_INFOPLIST_FILE = YES;
				INFOPLIST_FILE = MetMuseumApi/App/Info.plist;
				INFOPLIST_KEY_UIApplicationSupportsIndirectInputEvents = YES;
				INFOPLIST_KEY_UILaunchStoryboardName = LaunchScreen;
				INFOPLIST_KEY_UIMainStoryboardFile = Main;
				INFOPLIST_KEY_UISupportedInterfaceOrientations_iPad = "UIInterfaceOrientationPortrait UIInterfaceOrientationPortraitUpsideDown UIInterfaceOrientationLandscapeLeft UIInterfaceOrientationLandscapeRight";
				INFOPLIST_KEY_UISupportedInterfaceOrientations_iPhone = "UIInterfaceOrientationPortrait UIInterfaceOrientationLandscapeLeft UIInterfaceOrientationLandscapeRight";
				IPHONEOS_DEPLOYMENT_TARGET = 17.6;
				LD_RUNPATH_SEARCH_PATHS = (
					"$(inherited)",
					"@executable_path/Frameworks",
				);
				MARKETING_VERSION = 1.0;
				PRODUCT_BUNDLE_IDENTIFIER = com.alexpesenka.MetMuseumApi;
				PRODUCT_NAME = "$(TARGET_NAME)";
				SUPPORTED_PLATFORMS = "iphoneos iphonesimulator";
				SUPPORTS_MACCATALYST = NO;
				SUPPORTS_MAC_DESIGNED_FOR_IPHONE_IPAD = NO;
				SUPPORTS_XR_DESIGNED_FOR_IPHONE_IPAD = NO;
				SWIFT_EMIT_LOC_STRINGS = YES;
				SWIFT_VERSION = 5.0;
				TARGETED_DEVICE_FAMILY = 1;
			};
			name = Debug;
		};
		FAB8F9592C8A1D7D00ABCD26 /* Release */ = {
			isa = XCBuildConfiguration;
			buildSettings = {
				ASSETCATALOG_COMPILER_APPICON_NAME = AppIcon;
				ASSETCATALOG_COMPILER_GLOBAL_ACCENT_COLOR_NAME = AccentColor;
				CODE_SIGN_STYLE = Automatic;
				CURRENT_PROJECT_VERSION = 1;
				DEVELOPMENT_TEAM = 8JL9UA833T;
				GENERATE_INFOPLIST_FILE = YES;
				INFOPLIST_FILE = MetMuseumApi/App/Info.plist;
				INFOPLIST_KEY_UIApplicationSupportsIndirectInputEvents = YES;
				INFOPLIST_KEY_UILaunchStoryboardName = LaunchScreen;
				INFOPLIST_KEY_UIMainStoryboardFile = Main;
				INFOPLIST_KEY_UISupportedInterfaceOrientations_iPad = "UIInterfaceOrientationPortrait UIInterfaceOrientationPortraitUpsideDown UIInterfaceOrientationLandscapeLeft UIInterfaceOrientationLandscapeRight";
				INFOPLIST_KEY_UISupportedInterfaceOrientations_iPhone = "UIInterfaceOrientationPortrait UIInterfaceOrientationLandscapeLeft UIInterfaceOrientationLandscapeRight";
				IPHONEOS_DEPLOYMENT_TARGET = 17.6;
				LD_RUNPATH_SEARCH_PATHS = (
					"$(inherited)",
					"@executable_path/Frameworks",
				);
				MARKETING_VERSION = 1.0;
				PRODUCT_BUNDLE_IDENTIFIER = com.alexpesenka.MetMuseumApi;
				PRODUCT_NAME = "$(TARGET_NAME)";
				SUPPORTED_PLATFORMS = "iphoneos iphonesimulator";
				SUPPORTS_MACCATALYST = NO;
				SUPPORTS_MAC_DESIGNED_FOR_IPHONE_IPAD = NO;
				SUPPORTS_XR_DESIGNED_FOR_IPHONE_IPAD = NO;
				SWIFT_EMIT_LOC_STRINGS = YES;
				SWIFT_VERSION = 5.0;
				TARGETED_DEVICE_FAMILY = 1;
			};
			name = Release;
		};
/* End XCBuildConfiguration section */

/* Begin XCConfigurationList section */
		FAB8F93E2C8A1D7C00ABCD26 /* Build configuration list for PBXProject "MetMuseumApi" */ = {
			isa = XCConfigurationList;
			buildConfigurations = (
				FAB8F9552C8A1D7D00ABCD26 /* Debug */,
				FAB8F9562C8A1D7D00ABCD26 /* Release */,
			);
			defaultConfigurationIsVisible = 0;
			defaultConfigurationName = Release;
		};
		FAB8F9572C8A1D7D00ABCD26 /* Build configuration list for PBXNativeTarget "MetMuseumApi" */ = {
			isa = XCConfigurationList;
			buildConfigurations = (
				FAB8F9582C8A1D7D00ABCD26 /* Debug */,
				FAB8F9592C8A1D7D00ABCD26 /* Release */,
			);
			defaultConfigurationIsVisible = 0;
			defaultConfigurationName = Release;
		};
/* End XCConfigurationList section */
	};
	rootObject = FAB8F93B2C8A1D7C00ABCD26 /* Project object */;
}
